github.com/fogfish/golem/pure v0.10.1 h1:0+cnvdaV9zF+0NN8SZMgR5bgFM6yNfBHU4rynYSDfmE=
github.com/fogfish/golem/pure v0.10.1/go.mod h1:kLPfgu5uKP0CrwVap7jejisRwV7vo1q8Eyqnc/Z0qyw=
github.com/fogfish/it/v2 v2.0.1 h1:vu3kV2xzYDPHoMHMABxXeu5CoMcTfRc4gkWkzOUkRJY=
github.com/fogfish/it/v2 v2.0.1/go.mod h1:h5FdKaEQT4sUEykiVkB8VV4jX27XabFVeWhoDZaRZtE=
github.com/willf/bitset v1.1.11 h1:N7Z7E9UvjW+sGsEl7k/SJrvY2reP1A07MrGuCjIOjRE=
github.com/willf/bitset v1.1.11/go.mod h1:83CECat5yLh5zVOf4P1ErAgKA5UDvKtgyUABdr3+MjI=
